
Microsoft Visual Studio Solution File, Format Version 12.00
# Visual Studio Version 17
VisualStudioVersion = 17.6.33829.357
MinimumVisualStudioVersion = 10.0.40219.1
Project("{9A19103F-16F7-4668-BE54-9A1E7A4F7556}") = "StoryApplication", "StoryApplication\StoryApplication.csproj", "{9502C233-A62C-4B38-82AA-FAD1841B92CF}"
EndProject
Project("{9A19103F-16F7-4668-BE54-9A1E7A4F7556}") = "StoryApplication.TestProject", "StoryApplication.TestProject\StoryApplication.TestProject.csproj", "{B9A815A6-20F9-455B-97F2-63171860229E}"
EndProject
Project("{9A19103F-16F7-4668-BE54-9A1E7A4F7556}") = "StoryApplication.Model", "StoryApplication.Model\StoryApplication.Model.csproj", "{407BABC2-C50E-4FFC-99C3-C37A1F62201F}"
EndProject
Project("{9A19103F-16F7-4668-BE54-9A1E7A4F7556}") = "StoryApplication.ViewModel", "StoryApplication.ViewModel\StoryApplication.ViewModel.csproj", "{21092F9A-8141-453B-81D4-8997D7FCF93F}"
EndProject
Project("{9A19103F-16F7-4668-BE54-9A1E7A4F7556}") = "StoryApplication.WebApplication", "StoryApplication.WebApplication\StoryApplication.WebApplication.csproj", "{FF2C5638-57CF-4BC1-8CDF-0AFAC015CC80}"
EndProject
Project("{9A19103F-16F7-4668-BE54-9A1E7A4F7556}") = "StoryApplication.WebApplication.TestProject", "StoryApplication.WebApplication.TestProject\StoryApplication.WebApplication.TestProject.csproj", "{E8734FB6-E9E0-46EE-A2E3-61D6EF7093DA}"
EndProject
Project("{2150E333-8FDC-42A3-9474-1A3956D46DE8}") = "Solution Items", "Solution Items", "{373C4FB1-F564-491F-8614-24988A3409F7}"
	ProjectSection(SolutionItems) = preProject
		Image.md = Image.md
		Image\Overview.png = Image\Overview.png
		README.md = README.md
	EndProjectSection
EndProject
Project("{9A19103F-16F7-4668-BE54-9A1E7A4F7556}") = "Collections.Generic", "Collections.Generic\Collections.Generic.csproj", "{A30EDA6E-233D-47C7-92B8-2B086CF932F9}"
EndProject
Project("{9A19103F-16F7-4668-BE54-9A1E7A4F7556}") = "Collections.Generic.TestProject", "Collections.Generic.TestProject\Collections.Generic.TestProject.csproj", "{07B44A82-2411-4F05-BCBE-BE93DE5C97F6}"
EndProject
Global
	GlobalSection(SolutionConfigurationPlatforms) = preSolution
		Debug|Any CPU = Debug|Any CPU
		Release|Any CPU = Release|Any CPU
	EndGlobalSection
	GlobalSection(ProjectConfigurationPlatforms) = postSolution
		{9502C233-A62C-4B38-82AA-FAD1841B92CF}.Debug|Any CPU.ActiveCfg = Debug|Any CPU
		{9502C233-A62C-4B38-82AA-FAD1841B92CF}.Debug|Any CPU.Build.0 = Debug|Any CPU
		{9502C233-A62C-4B38-82AA-FAD1841B92CF}.Release|Any CPU.ActiveCfg = Release|Any CPU
		{9502C233-A62C-4B38-82AA-FAD1841B92CF}.Release|Any CPU.Build.0 = Release|Any CPU
		{B9A815A6-20F9-455B-97F2-63171860229E}.Debug|Any CPU.ActiveCfg = Debug|Any CPU
		{B9A815A6-20F9-455B-97F2-63171860229E}.Debug|Any CPU.Build.0 = Debug|Any CPU
		{B9A815A6-20F9-455B-97F2-63171860229E}.Release|Any CPU.ActiveCfg = Release|Any CPU
		{B9A815A6-20F9-455B-97F2-63171860229E}.Release|Any CPU.Build.0 = Release|Any CPU
		{407BABC2-C50E-4FFC-99C3-C37A1F62201F}.Debug|Any CPU.ActiveCfg = Debug|Any CPU
		{407BABC2-C50E-4FFC-99C3-C37A1F62201F}.Debug|Any CPU.Build.0 = Debug|Any CPU
		{407BABC2-C50E-4FFC-99C3-C37A1F62201F}.Release|Any CPU.ActiveCfg = Release|Any CPU
		{407BABC2-C50E-4FFC-99C3-C37A1F62201F}.Release|Any CPU.Build.0 = Release|Any CPU
		{21092F9A-8141-453B-81D4-8997D7FCF93F}.Debug|Any CPU.ActiveCfg = Debug|Any CPU
		{21092F9A-8141-453B-81D4-8997D7FCF93F}.Debug|Any CPU.Build.0 = Debug|Any CPU
		{21092F9A-8141-453B-81D4-8997D7FCF93F}.Release|Any CPU.ActiveCfg = Release|Any CPU
		{21092F9A-8141-453B-81D4-8997D7FCF93F}.Release|Any CPU.Build.0 = Release|Any CPU
		{FF2C5638-57CF-4BC1-8CDF-0AFAC015CC80}.Debug|Any CPU.ActiveCfg = Debug|Any CPU
		{FF2C5638-57CF-4BC1-8CDF-0AFAC015CC80}.Debug|Any CPU.Build.0 = Debug|Any CPU
		{FF2C5638-57CF-4BC1-8CDF-0AFAC015CC80}.Release|Any CPU.ActiveCfg = Release|Any CPU
		{FF2C5638-57CF-4BC1-8CDF-0AFAC015CC80}.Release|Any CPU.Build.0 = Release|Any CPU
		{E8734FB6-E9E0-46EE-A2E3-61D6EF7093DA}.Debug|Any CPU.ActiveCfg = Debug|Any CPU
		{E8734FB6-E9E0-46EE-A2E3-61D6EF7093DA}.Debug|Any CPU.Build.0 = Debug|Any CPU
		{E8734FB6-E9E0-46EE-A2E3-61D6EF7093DA}.Release|Any CPU.ActiveCfg = Release|Any CPU
		{E8734FB6-E9E0-46EE-A2E3-61D6EF7093DA}.Release|Any CPU.Build.0 = Release|Any CPU
		{A30EDA6E-233D-47C7-92B8-2B086CF932F9}.Debug|Any CPU.ActiveCfg = Debug|Any CPU
		{A30EDA6E-233D-47C7-92B8-2B086CF932F9}.Debug|Any CPU.Build.0 = Debug|Any CPU
		{A30EDA6E-233D-47C7-92B8-2B086CF932F9}.Release|Any CPU.ActiveCfg = Release|Any CPU
		{A30EDA6E-233D-47C7-92B8-2B086CF932F9}.Release|Any CPU.Build.0 = Release|Any CPU
		{07B44A82-2411-4F05-BCBE-BE93DE5C97F6}.Debug|Any CPU.ActiveCfg = Debug|Any CPU
		{07B44A82-2411-4F05-BCBE-BE93DE5C97F6}.Debug|Any CPU.Build.0 = Debug|Any CPU
		{07B44A82-2411-4F05-BCBE-BE93DE5C97F6}.Release|Any CPU.ActiveCfg = Release|Any CPU
		{07B44A82-2411-4F05-BCBE-BE93DE5C97F6}.Release|Any CPU.Build.0 = Release|Any CPU
	EndGlobalSection
	GlobalSection(SolutionProperties) = preSolution
		HideSolutionNode = FALSE
	EndGlobalSection
	GlobalSection(ExtensibilityGlobals) = postSolution
		SolutionGuid = {99F57F25-C398-4C8F-B2A1-92EA0476B879}
	EndGlobalSection
EndGlobal
